
Microsoft Visual Studio Solution File, Format Version 12.00
# Visual Studio Version 17
VisualStudioVersion = 17.1.32328.378
MinimumVisualStudioVersion = 10.0.40219.1
Project("{FAE04EC0-301F-11D3-BF4B-00C04F79EFBC}") = "Task23", "Task23\Task23.csproj", "{3FB55E58-34C4-4F12-84E2-A6D6547A1DEE}"
EndProject
Global
	GlobalSection(SolutionConfigurationPlatforms) = preSolution
		Debug|Any CPU = Debug|Any CPU
		Release|Any CPU = Release|Any CPU
	EndGlobalSection
	GlobalSection(ProjectConfigurationPlatforms) = postSolution
		{3FB55E58-34C4-4F12-84E2-A6D6547A1DEE}.Debug|Any CPU.ActiveCfg = Debug|Any CPU
		{3FB55E58-34C4-4F12-84E2-A6D6547A1DEE}.Debug|Any CPU.Build.0 = Debug|Any CPU
		{3FB55E58-34C4-4F12-84E2-A6D6547A1DEE}.Release|Any CPU.ActiveCfg = Release|Any CPU
		{3FB55E58-34C4-4F12-84E2-A6D6547A1DEE}.Release|Any CPU.Build.0 = Release|Any CPU
	EndGlobalSection
	GlobalSection(SolutionProperties) = preSolution
		HideSolutionNode = FALSE
	EndGlobalSection
	GlobalSection(ExtensibilityGlobals) = postSolution
		SolutionGuid = {1CCD2529-978F-4EED-B84D-BC39366E1250}
	EndGlobalSection
EndGlobal
